
Microsoft Visual Studio Solution File, Format Version 12.00
# Visual Studio Version 17
VisualStudioVersion = 17.10.35027.167
MinimumVisualStudioVersion = 10.0.40219.1
Project("{9A19103F-16F7-4668-BE54-9A1E7A4F7556}") = "BeatmapOvermapper", "BeatmapOvermapper\BeatmapOvermapper.csproj", "{581791F2-18C2-46A7-AE3D-8DD61B603BF2}"
EndProject
Project("{9A19103F-16F7-4668-BE54-9A1E7A4F7556}") = "BeatmapOvermapperGUI", "BeatmapOvermapperGUI\BeatmapOvermapperGUI.csproj", "{AA1D5388-7EA0-456C-A71B-4049B090378E}"
EndProject
Global
	GlobalSection(SolutionConfigurationPlatforms) = preSolution
		Debug|Any CPU = Debug|Any CPU
		Release|Any CPU = Release|Any CPU
	EndGlobalSection
	GlobalSection(ProjectConfigurationPlatforms) = postSolution
		{581791F2-18C2-46A7-AE3D-8DD61B603BF2}.Debug|Any CPU.ActiveCfg = Debug|Any CPU
		{581791F2-18C2-46A7-AE3D-8DD61B603BF2}.Debug|Any CPU.Build.0 = Debug|Any CPU
		{581791F2-18C2-46A7-AE3D-8DD61B603BF2}.Release|Any CPU.ActiveCfg = Release|Any CPU
		{581791F2-18C2-46A7-AE3D-8DD61B603BF2}.Release|Any CPU.Build.0 = Release|Any CPU
		{AA1D5388-7EA0-456C-A71B-4049B090378E}.Debug|Any CPU.ActiveCfg = Debug|Any CPU
		{AA1D5388-7EA0-456C-A71B-4049B090378E}.Debug|Any CPU.Build.0 = Debug|Any CPU
		{AA1D5388-7EA0-456C-A71B-4049B090378E}.Release|Any CPU.ActiveCfg = Release|Any CPU
		{AA1D5388-7EA0-456C-A71B-4049B090378E}.Release|Any CPU.Build.0 = Release|Any CPU
	EndGlobalSection
	GlobalSection(SolutionProperties) = preSolution
		HideSolutionNode = FALSE
	EndGlobalSection
	GlobalSection(ExtensibilityGlobals) = postSolution
		SolutionGuid = {11524B67-DCDB-4CD5-A00A-1621076A7B5A}
	EndGlobalSection
EndGlobal
